<?xml version="1.0" encoding="UTF-8" standalone="yes" ?>
<CodeBlocks_project_file>
	<FileVersion major="1" minor="6" />
	<Project>
		<Option title="RTAudio" />
		<Option pch_mode="2" />
		<Option compiler="gcc" />
		<Build>
			<Target title="Debug">
				<Option output="libRTAudio" prefix_auto="1" extension_auto="1" />
				<Option working_dir="" />
				<Option object_output="obj\Debug\" />
				<Option type="2" />
				<Option compiler="gcc" />
				<Option createDefFile="1" />
				<Compiler>
					<Add option="-Wall" />
					<Add option="-g" />
				</Compiler>
			</Target>
			<Target title="Release">
				<Option output="libRTAudio" prefix_auto="1" extension_auto="1" />
				<Option working_dir="" />
				<Option object_output="obj\Release\" />
				<Option type="2" />
				<Option compiler="gcc" />
				<Option createDefFile="1" />
				<Compiler>
					<Add option="-Wall" />
					<Add option="-O2" />
				</Compiler>
				<Linker>
					<Add option="-s" />
				</Linker>
			</Target>
		</Build>
		<Compiler>
			<Add option="-D__WINDOWS_DS__" />
		</Compiler>
		<Linker>
			<Add library="C:\Program Files\CodeBlocks\MinGW\lib\libdsound.a" />
		</Linker>
		<Unit filename="RtAudio.cpp" />
		<Unit filename="RtAudio.h" />
		<Unit filename="RtError.h" />
		<Unit filename="include\asio.cpp" />
		<Unit filename="include\asio.h" />
		<Unit filename="include\asiodrivers.cpp" />
		<Unit filename="include\asiodrivers.h" />
		<Unit filename="include\asiodrvr.h" />
		<Unit filename="include\asiolist.cpp" />
		<Unit filename="include\asiolist.h" />
		<Unit filename="include\asiosys.h" />
		<Unit filename="include\dsound.h" />
		<Unit filename="include\ginclude.h" />
		<Unit filename="include\iasiodrv.h" />
		<Unit filename="include\iasiothiscallresolver.cpp" />
		<Unit filename="include\iasiothiscallresolver.h" />
		<Unit filename="include\soundcard.h" />
		<Extensions>
			<code_completion />
			<debugger />
		</Extensions>
	</Project>
</CodeBlocks_project_file>
